
Microsoft Visual Studio Solution File, Format Version 12.00
# Visual Studio Version 17
VisualStudioVersion = 17.3.32929.385
MinimumVisualStudioVersion = 10.0.40219.1
Project("{8BC9CEB8-8B4A-11D0-8D11-00A0C91BC942}") = "logo-zolw", "logo-zolw\logo-zolw.vcxproj", "{13B7D583-623C-4D89-BD21-7C4A2DA9AA29}"
EndProject
Global
	GlobalSection(SolutionConfigurationPlatforms) = preSolution
		Debug|x64 = Debug|x64
		Debug|x86 = Debug|x86
		Release|x64 = Release|x64
		Release|x86 = Release|x86
	EndGlobalSection
	GlobalSection(ProjectConfigurationPlatforms) = postSolution
		{13B7D583-623C-4D89-BD21-7C4A2DA9AA29}.Debug|x64.ActiveCfg = Debug|x64
		{13B7D583-623C-4D89-BD21-7C4A2DA9AA29}.Debug|x64.Build.0 = Debug|x64
		{13B7D583-623C-4D89-BD21-7C4A2DA9AA29}.Debug|x86.ActiveCfg = Debug|Win32
		{13B7D583-623C-4D89-BD21-7C4A2DA9AA29}.Debug|x86.Build.0 = Debug|Win32
		{13B7D583-623C-4D89-BD21-7C4A2DA9AA29}.Release|x64.ActiveCfg = Release|x64
		{13B7D583-623C-4D89-BD21-7C4A2DA9AA29}.Release|x64.Build.0 = Release|x64
		{13B7D583-623C-4D89-BD21-7C4A2DA9AA29}.Release|x86.ActiveCfg = Release|Win32
		{13B7D583-623C-4D89-BD21-7C4A2DA9AA29}.Release|x86.Build.0 = Release|Win32
	EndGlobalSection
	GlobalSection(SolutionProperties) = preSolution
		HideSolutionNode = FALSE
	EndGlobalSection
	GlobalSection(ExtensibilityGlobals) = postSolution
		SolutionGuid = {8FB7C626-EB09-4EED-B513-90093B7F5169}
	EndGlobalSection
EndGlobal
